
Microsoft Visual Studio Solution File, Format Version 12.00
# Visual Studio Version 17
VisualStudioVersion = 17.5.33414.496
MinimumVisualStudioVersion = 10.0.40219.1
Project("{FAE04EC0-301F-11D3-BF4B-00C04F79EFBC}") = "CadUsuario", "CadUsuario\CadUsuario.csproj", "{057C7624-0AD2-4DFF-AD6C-BA54E7F124EC}"
EndProject
Global
	GlobalSection(SolutionConfigurationPlatforms) = preSolution
		Debug|Any CPU = Debug|Any CPU
		Release|Any CPU = Release|Any CPU
	EndGlobalSection
	GlobalSection(ProjectConfigurationPlatforms) = postSolution
		{057C7624-0AD2-4DFF-AD6C-BA54E7F124EC}.Debug|Any CPU.ActiveCfg = Debug|Any CPU
		{057C7624-0AD2-4DFF-AD6C-BA54E7F124EC}.Debug|Any CPU.Build.0 = Debug|Any CPU
		{057C7624-0AD2-4DFF-AD6C-BA54E7F124EC}.Release|Any CPU.ActiveCfg = Release|Any CPU
		{057C7624-0AD2-4DFF-AD6C-BA54E7F124EC}.Release|Any CPU.Build.0 = Release|Any CPU
	EndGlobalSection
	GlobalSection(SolutionProperties) = preSolution
		HideSolutionNode = FALSE
	EndGlobalSection
	GlobalSection(ExtensibilityGlobals) = postSolution
		SolutionGuid = {03938D12-D4ED-4C2A-95B7-7EEC2C26B3B7}
	EndGlobalSection
EndGlobal
